{
  "version": "2",
  "remote": {},
  "npm": {
    "specifiers": {
      "@vitejs/plugin-react@^4.0.0": "@vitejs/plugin-react@4.0.3_vite@4.4.6_@babel+core@7.22.9",
      "react-dom@^18.2.0": "react-dom@18.2.0_react@18.2.0",
      "react@^18.2.0": "react@18.2.0",
      "vite": "vite@4.4.6",
      "vite@^4.3.9": "vite@4.4.6"
    },
    "packages": {
      "@ampproject/remapping@2.2.1": {
        "integrity": "sha512-lFMjJTrFL3j7L9yBxwYfCq2k6qqwHyzuUl/XBnif78PWTJYyL/dfowQHWE3sp6U6ZzqWiiIZnpTMO96zhkjwtg==",
        "dependencies": {
          "@jridgewell/gen-mapping": "@jridgewell/gen-mapping@0.3.3",
          "@jridgewell/trace-mapping": "@jridgewell/trace-mapping@0.3.18"
        }
      },
      "@babel/code-frame@7.22.5": {
        "integrity": "sha512-Xmwn266vad+6DAqEB2A6V/CcZVp62BbwVmcOJc2RPuwih1kw02TjQvWVWlcKGbBPd+8/0V5DEkOcizRGYsspYQ==",
        "dependencies": {
          "@babel/highlight": "@babel/highlight@7.22.5"
        }
      },
      "@babel/compat-data@7.22.9": {
        "integrity": "sha512-5UamI7xkUcJ3i9qVDS+KFDEK8/7oJ55/sJMB1Ge7IEapr7KfdfV/HErR+koZwOfd+SgtFKOKRhRakdg++DcJpQ==",
        "dependencies": {}
      },
      "@babel/core@7.22.9": {
        "integrity": "sha512-G2EgeufBcYw27U4hhoIwFcgc1XU7TlXJ3mv04oOv1WCuo900U/anZSPzEqNjwdjgffkk2Gs0AN0dW1CKVLcG7w==",
        "dependencies": {
          "@ampproject/remapping": "@ampproject/remapping@2.2.1",
          "@babel/code-frame": "@babel/code-frame@7.22.5",
          "@babel/generator": "@babel/generator@7.22.9",
          "@babel/helper-compilation-targets": "@babel/helper-compilation-targets@7.22.9_@babel+core@7.22.9",
          "@babel/helper-module-transforms": "@babel/helper-module-transforms@7.22.9_@babel+core@7.22.9",
          "@babel/helpers": "@babel/helpers@7.22.6",
          "@babel/parser": "@babel/parser@7.22.7",
          "@babel/template": "@babel/template@7.22.5",
          "@babel/traverse": "@babel/traverse@7.22.8",
          "@babel/types": "@babel/types@7.22.5",
          "convert-source-map": "convert-source-map@1.9.0",
          "debug": "debug@4.3.4",
          "gensync": "gensync@1.0.0-beta.2",
          "json5": "json5@2.2.3",
          "semver": "semver@6.3.1"
        }
      },
      "@babel/generator@7.22.9": {
        "integrity": "sha512-KtLMbmicyuK2Ak/FTCJVbDnkN1SlT8/kceFTiuDiiRUUSMnHMidxSCdG4ndkTOHHpoomWe/4xkvHkEOncwjYIw==",
        "dependencies": {
          "@babel/types": "@babel/types@7.22.5",
          "@jridgewell/gen-mapping": "@jridgewell/gen-mapping@0.3.3",
          "@jridgewell/trace-mapping": "@jridgewell/trace-mapping@0.3.18",
          "jsesc": "jsesc@2.5.2"
        }
      },
      "@babel/helper-compilation-targets@7.22.9_@babel+core@7.22.9": {
        "integrity": "sha512-7qYrNM6HjpnPHJbopxmb8hSPoZ0gsX8IvUS32JGVoy+pU9e5N0nLr1VjJoR6kA4d9dmGLxNYOjeB8sUDal2WMw==",
        "dependencies": {
          "@babel/compat-data": "@babel/compat-data@7.22.9",
          "@babel/core": "@babel/core@7.22.9",
          "@babel/helper-validator-option": "@babel/helper-validator-option@7.22.5",
          "browserslist": "browserslist@4.21.9",
          "lru-cache": "lru-cache@5.1.1",
          "semver": "semver@6.3.1"
        }
      },
      "@babel/helper-environment-visitor@7.22.5": {
        "integrity": "sha512-XGmhECfVA/5sAt+H+xpSg0mfrHq6FzNr9Oxh7PSEBBRUb/mL7Kz3NICXb194rCqAEdxkhPT1a88teizAFyvk8Q==",
        "dependencies": {}
      },
      "@babel/helper-function-name@7.22.5": {
        "integrity": "sha512-wtHSq6jMRE3uF2otvfuD3DIvVhOsSNshQl0Qrd7qC9oQJzHvOL4qQXlQn2916+CXGywIjpGuIkoyZRRxHPiNQQ==",
        "dependencies": {
          "@babel/template": "@babel/template@7.22.5",
          "@babel/types": "@babel/types@7.22.5"
        }
      },
      "@babel/helper-hoist-variables@7.22.5": {
        "integrity": "sha512-wGjk9QZVzvknA6yKIUURb8zY3grXCcOZt+/7Wcy8O2uctxhplmUPkOdlgoNhmdVee2c92JXbf1xpMtVNbfoxRw==",
        "dependencies": {
          "@babel/types": "@babel/types@7.22.5"
        }
      },
      "@babel/helper-module-imports@7.22.5": {
        "integrity": "sha512-8Dl6+HD/cKifutF5qGd/8ZJi84QeAKh+CEe1sBzz8UayBBGg1dAIJrdHOcOM5b2MpzWL2yuotJTtGjETq0qjXg==",
        "dependencies": {
          "@babel/types": "@babel/types@7.22.5"
        }
      },
      "@babel/helper-module-transforms@7.22.9_@babel+core@7.22.9": {
        "integrity": "sha512-t+WA2Xn5K+rTeGtC8jCsdAH52bjggG5TKRuRrAGNM/mjIbO4GxvlLMFOEz9wXY5I2XQ60PMFsAG2WIcG82dQMQ==",
        "dependencies": {
          "@babel/core": "@babel/core@7.22.9",
          "@babel/helper-environment-visitor": "@babel/helper-environment-visitor@7.22.5",
          "@babel/helper-module-imports": "@babel/helper-module-imports@7.22.5",
          "@babel/helper-simple-access": "@babel/helper-simple-access@7.22.5",
          "@babel/helper-split-export-declaration": "@babel/helper-split-export-declaration@7.22.6",
          "@babel/helper-validator-identifier": "@babel/helper-validator-identifier@7.22.5"
        }
      },
      "@babel/helper-plugin-utils@7.22.5": {
        "integrity": "sha512-uLls06UVKgFG9QD4OeFYLEGteMIAa5kpTPcFL28yuCIIzsf6ZyKZMllKVOCZFhiZ5ptnwX4mtKdWCBE/uT4amg==",
        "dependencies": {}
      },
      "@babel/helper-simple-access@7.22.5": {
        "integrity": "sha512-n0H99E/K+Bika3++WNL17POvo4rKWZ7lZEp1Q+fStVbUi8nxPQEBOlTmCOxW/0JsS56SKKQ+ojAe2pHKJHN35w==",
        "dependencies": {
          "@babel/types": "@babel/types@7.22.5"
        }
      },
      "@babel/helper-split-export-declaration@7.22.6": {
        "integrity": "sha512-AsUnxuLhRYsisFiaJwvp1QF+I3KjD5FOxut14q/GzovUe6orHLesW2C7d754kRm53h5gqrz6sFl6sxc4BVtE/g==",
        "dependencies": {
          "@babel/types": "@babel/types@7.22.5"
        }
      },
      "@babel/helper-string-parser@7.22.5": {
        "integrity": "sha512-mM4COjgZox8U+JcXQwPijIZLElkgEpO5rsERVDJTc2qfCDfERyob6k5WegS14SX18IIjv+XD+GrqNumY5JRCDw==",
        "dependencies": {}
      },
      "@babel/helper-validator-identifier@7.22.5": {
        "integrity": "sha512-aJXu+6lErq8ltp+JhkJUfk1MTGyuA4v7f3pA+BJ5HLfNC6nAQ0Cpi9uOquUj8Hehg0aUiHzWQbOVJGao6ztBAQ==",
        "dependencies": {}
      },
      "@babel/helper-validator-option@7.22.5": {
        "integrity": "sha512-R3oB6xlIVKUnxNUxbmgq7pKjxpru24zlimpE8WK47fACIlM0II/Hm1RS8IaOI7NgCr6LNS+jl5l75m20npAziw==",
        "dependencies": {}
      },
      "@babel/helpers@7.22.6": {
        "integrity": "sha512-YjDs6y/fVOYFV8hAf1rxd1QvR9wJe1pDBZ2AREKq/SDayfPzgk0PBnVuTCE5X1acEpMMNOVUqoe+OwiZGJ+OaA==",
        "dependencies": {
          "@babel/template": "@babel/template@7.22.5",
          "@babel/traverse": "@babel/traverse@7.22.8",
          "@babel/types": "@babel/types@7.22.5"
        }
      },
      "@babel/highlight@7.22.5": {
        "integrity": "sha512-BSKlD1hgnedS5XRnGOljZawtag7H1yPfQp0tdNJCHoH6AZ+Pcm9VvkrK59/Yy593Ypg0zMxH2BxD1VPYUQ7UIw==",
        "dependencies": {
          "@babel/helper-validator-identifier": "@babel/helper-validator-identifier@7.22.5",
          "chalk": "chalk@2.4.2",
          "js-tokens": "js-tokens@4.0.0"
        }
      },
      "@babel/parser@7.22.7": {
        "integrity": "sha512-7NF8pOkHP5o2vpmGgNGcfAeCvOYhGLyA3Z4eBQkT1RJlWu47n63bCs93QfJ2hIAFCil7L5P2IWhs1oToVgrL0Q==",
        "dependencies": {}
      },
      "@babel/plugin-transform-react-jsx-self@7.22.5_@babel+core@7.22.9": {
        "integrity": "sha512-nTh2ogNUtxbiSbxaT4Ds6aXnXEipHweN9YRgOX/oNXdf0cCrGn/+2LozFa3lnPV5D90MkjhgckCPBrsoSc1a7g==",
        "dependencies": {
          "@babel/core": "@babel/core@7.22.9",
          "@babel/helper-plugin-utils": "@babel/helper-plugin-utils@7.22.5"
        }
      },
      "@babel/plugin-transform-react-jsx-source@7.22.5_@babel+core@7.22.9": {
        "integrity": "sha512-yIiRO6yobeEIaI0RTbIr8iAK9FcBHLtZq0S89ZPjDLQXBA4xvghaKqI0etp/tF3htTM0sazJKKLz9oEiGRtu7w==",
        "dependencies": {
          "@babel/core": "@babel/core@7.22.9",
          "@babel/helper-plugin-utils": "@babel/helper-plugin-utils@7.22.5"
        }
      },
      "@babel/template@7.22.5": {
        "integrity": "sha512-X7yV7eiwAxdj9k94NEylvbVHLiVG1nvzCV2EAowhxLTwODV1jl9UzZ48leOC0sH7OnuHrIkllaBgneUykIcZaw==",
        "dependencies": {
          "@babel/code-frame": "@babel/code-frame@7.22.5",
          "@babel/parser": "@babel/parser@7.22.7",
          "@babel/types": "@babel/types@7.22.5"
        }
      },
      "@babel/traverse@7.22.8": {
        "integrity": "sha512-y6LPR+wpM2I3qJrsheCTwhIinzkETbplIgPBbwvqPKc+uljeA5gP+3nP8irdYt1mjQaDnlIcG+dw8OjAco4GXw==",
        "dependencies": {
          "@babel/code-frame": "@babel/code-frame@7.22.5",
          "@babel/generator": "@babel/generator@7.22.9",
          "@babel/helper-environment-visitor": "@babel/helper-environment-visitor@7.22.5",
          "@babel/helper-function-name": "@babel/helper-function-name@7.22.5",
          "@babel/helper-hoist-variables": "@babel/helper-hoist-variables@7.22.5",
          "@babel/helper-split-export-declaration": "@babel/helper-split-export-declaration@7.22.6",
          "@babel/parser": "@babel/parser@7.22.7",
          "@babel/types": "@babel/types@7.22.5",
          "debug": "debug@4.3.4",
          "globals": "globals@11.12.0"
        }
      },
      "@babel/types@7.22.5": {
        "integrity": "sha512-zo3MIHGOkPOfoRXitsgHLjEXmlDaD/5KU1Uzuc9GNiZPhSqVxVRtxuPaSBZDsYZ9qV88AjtMtWW7ww98loJ9KA==",
        "dependencies": {
          "@babel/helper-string-parser": "@babel/helper-string-parser@7.22.5",
          "@babel/helper-validator-identifier": "@babel/helper-validator-identifier@7.22.5",
          "to-fast-properties": "to-fast-properties@2.0.0"
        }
      },
      "@esbuild/android-arm64@0.18.15": {
        "integrity": "sha512-NI/gnWcMl2kXt1HJKOn2H69SYn4YNheKo6NZt1hyfKWdMbaGadxjZIkcj4Gjk/WPxnbFXs9/3HjGHaknCqjrww==",
        "dependencies": {}
      },
      "@esbuild/android-arm@0.18.15": {
        "integrity": "sha512-wlkQBWb79/jeEEoRmrxt/yhn5T1lU236OCNpnfRzaCJHZ/5gf82uYx1qmADTBWE0AR/v7FiozE1auk2riyQd3w==",
        "dependencies": {}
      },
      "@esbuild/android-x64@0.18.15": {
        "integrity": "sha512-FM9NQamSaEm/IZIhegF76aiLnng1kEsZl2eve/emxDeReVfRuRNmvT28l6hoFD9TsCxpK+i4v8LPpEj74T7yjA==",
        "dependencies": {}
      },
      "@esbuild/darwin-arm64@0.18.15": {
        "integrity": "sha512-XmrFwEOYauKte9QjS6hz60FpOCnw4zaPAb7XV7O4lx1r39XjJhTN7ZpXqJh4sN6q60zbP6QwAVVA8N/wUyBH/w==",
        "dependencies": {}
      },
      "@esbuild/darwin-x64@0.18.15": {
        "integrity": "sha512-bMqBmpw1e//7Fh5GLetSZaeo9zSC4/CMtrVFdj+bqKPGJuKyfNJ5Nf2m3LknKZTS+Q4oyPiON+v3eaJ59sLB5A==",
        "dependencies": {}
      },
      "@esbuild/freebsd-arm64@0.18.15": {
        "integrity": "sha512-LoTK5N3bOmNI9zVLCeTgnk5Rk0WdUTrr9dyDAQGVMrNTh9EAPuNwSTCgaKOKiDpverOa0htPcO9NwslSE5xuLA==",
        "dependencies": {}
      },
      "@esbuild/freebsd-x64@0.18.15": {
        "integrity": "sha512-62jX5n30VzgrjAjOk5orYeHFq6sqjvsIj1QesXvn5OZtdt5Gdj0vUNJy9NIpjfdNdqr76jjtzBJKf+h2uzYuTQ==",
        "dependencies": {}
      },
      "@esbuild/linux-arm64@0.18.15": {
        "integrity": "sha512-BWncQeuWDgYv0jTNzJjaNgleduV4tMbQjmk/zpPh/lUdMcNEAxy+jvneDJ6RJkrqloG7tB9S9rCrtfk/kuplsQ==",
        "dependencies": {}
      },
      "@esbuild/linux-arm@0.18.15": {
        "integrity": "sha512-dT4URUv6ir45ZkBqhwZwyFV6cH61k8MttIwhThp2BGiVtagYvCToF+Bggyx2VI57RG4Fbt21f9TmXaYx0DeUJg==",
        "dependencies": {}
      },
      "@esbuild/linux-ia32@0.18.15": {
        "integrity": "sha512-JPXORvgHRHITqfms1dWT/GbEY89u848dC08o0yK3fNskhp0t2TuNUnsrrSgOdH28ceb1hJuwyr8R/1RnyPwocw==",
        "dependencies": {}
      },
      "@esbuild/linux-loong64@0.18.15": {
        "integrity": "sha512-kArPI0DopjJCEplsVj/H+2Qgzz7vdFSacHNsgoAKpPS6W/Ndh8Oe24HRDQ5QCu4jHgN6XOtfFfLpRx3TXv/mEg==",
        "dependencies": {}
      },
      "@esbuild/linux-mips64el@0.18.15": {
        "integrity": "sha512-b/tmngUfO02E00c1XnNTw/0DmloKjb6XQeqxaYuzGwHe0fHVgx5/D6CWi+XH1DvkszjBUkK9BX7n1ARTOst59w==",
        "dependencies": {}
      },
      "@esbuild/linux-ppc64@0.18.15": {
        "integrity": "sha512-KXPY69MWw79QJkyvUYb2ex/OgnN/8N/Aw5UDPlgoRtoEfcBqfeLodPr42UojV3NdkoO4u10NXQdamWm1YEzSKw==",
        "dependencies": {}
      },
      "@esbuild/linux-riscv64@0.18.15": {
        "integrity": "sha512-komK3NEAeeGRnvFEjX1SfVg6EmkfIi5aKzevdvJqMydYr9N+pRQK0PGJXk+bhoPZwOUgLO4l99FZmLGk/L1jWg==",
        "dependencies": {}
      },
      "@esbuild/linux-s390x@0.18.15": {
        "integrity": "sha512-632T5Ts6gQ2WiMLWRRyeflPAm44u2E/s/TJvn+BP6M5mnHSk93cieaypj3VSMYO2ePTCRqAFXtuYi1yv8uZJNA==",
        "dependencies": {}
      },
      "@esbuild/linux-x64@0.18.15": {
        "integrity": "sha512-MsHtX0NgvRHsoOtYkuxyk4Vkmvk3PLRWfA4okK7c+6dT0Fu4SUqXAr9y4Q3d8vUf1VWWb6YutpL4XNe400iQ1g==",
        "dependencies": {}
      },
      "@esbuild/netbsd-x64@0.18.15": {
        "integrity": "sha512-djST6s+jQiwxMIVQ5rlt24JFIAr4uwUnzceuFL7BQT4CbrRtqBPueS4GjXSiIpmwVri1Icj/9pFRJ7/aScvT+A==",
        "dependencies": {}
      },
      "@esbuild/openbsd-x64@0.18.15": {
        "integrity": "sha512-naeRhUIvhsgeounjkF5mvrNAVMGAm6EJWiabskeE5yOeBbLp7T89tAEw0j5Jm/CZAwyLe3c67zyCWH6fsBLCpw==",
        "dependencies": {}
      },
      "@esbuild/sunos-x64@0.18.15": {
        "integrity": "sha512-qkT2+WxyKbNIKV1AEhI8QiSIgTHMcRctzSaa/I3kVgMS5dl3fOeoqkb7pW76KwxHoriImhx7Mg3TwN/auMDsyQ==",
        "dependencies": {}
      },
      "@esbuild/win32-arm64@0.18.15": {
        "integrity": "sha512-HC4/feP+pB2Vb+cMPUjAnFyERs+HJN7E6KaeBlFdBv799MhD+aPJlfi/yk36SED58J9TPwI8MAcVpJgej4ud0A==",
        "dependencies": {}
      },
      "@esbuild/win32-ia32@0.18.15": {
        "integrity": "sha512-ovjwoRXI+gf52EVF60u9sSDj7myPixPxqzD5CmkEUmvs+W9Xd0iqISVBQn8xcx4ciIaIVlWCuTbYDOXOnOL44Q==",
        "dependencies": {}
      },
      "@esbuild/win32-x64@0.18.15": {
        "integrity": "sha512-imUxH9a3WJARyAvrG7srLyiK73XdX83NXQkjKvQ+7vPh3ZxoLrzvPkQKKw2DwZ+RV2ZB6vBfNHP8XScAmQC3aA==",
        "dependencies": {}
      },
      "@jridgewell/gen-mapping@0.3.3": {
        "integrity": "sha512-HLhSWOLRi875zjjMG/r+Nv0oCW8umGb0BgEhyX3dDX3egwZtB8PqLnjz3yedt8R5StBrzcg4aBpnh8UA9D1BoQ==",
        "dependencies": {
          "@jridgewell/set-array": "@jridgewell/set-array@1.1.2",
          "@jridgewell/sourcemap-codec": "@jridgewell/sourcemap-codec@1.4.15",
          "@jridgewell/trace-mapping": "@jridgewell/trace-mapping@0.3.18"
        }
      },
      "@jridgewell/resolve-uri@3.1.0": {
        "integrity": "sha512-F2msla3tad+Mfht5cJq7LSXcdudKTWCVYUgw6pLFOOHSTtZlj6SWNYAp+AhuqLmWdBO2X5hPrLcu8cVP8fy28w==",
        "dependencies": {}
      },
      "@jridgewell/set-array@1.1.2": {
        "integrity": "sha512-xnkseuNADM0gt2bs+BvhO0p78Mk762YnZdsuzFV018NoG1Sj1SCQvpSqa7XUaTam5vAGasABV9qXASMKnFMwMw==",
        "dependencies": {}
      },
      "@jridgewell/sourcemap-codec@1.4.14": {
        "integrity": "sha512-XPSJHWmi394fuUuzDnGz1wiKqWfo1yXecHQMRf2l6hztTO+nPru658AyDngaBe7isIxEkRsPR3FZh+s7iVa4Uw==",
        "dependencies": {}
      },
      "@jridgewell/sourcemap-codec@1.4.15": {
        "integrity": "sha512-eF2rxCRulEKXHTRiDrDy6erMYWqNw4LPdQ8UQA4huuxaQsVeRPFl2oM8oDGxMFhJUWZf9McpLtJasDDZb/Bpeg==",
        "dependencies": {}
      },
      "@jridgewell/trace-mapping@0.3.18": {
        "integrity": "sha512-w+niJYzMHdd7USdiH2U6869nqhD2nbfZXND5Yp93qIbEmnDNk7PD48o+YchRVpzMU7M6jVCbenTR7PA1FLQ9pA==",
        "dependencies": {
          "@jridgewell/resolve-uri": "@jridgewell/resolve-uri@3.1.0",
          "@jridgewell/sourcemap-codec": "@jridgewell/sourcemap-codec@1.4.14"
        }
      },
      "@vitejs/plugin-react@4.0.3_vite@4.4.6_@babel+core@7.22.9": {
        "integrity": "sha512-pwXDog5nwwvSIzwrvYYmA2Ljcd/ZNlcsSG2Q9CNDBwnsd55UGAyr2doXtB5j+2uymRCnCfExlznzzSFbBRcoCg==",
        "dependencies": {
          "@babel/core": "@babel/core@7.22.9",
          "@babel/plugin-transform-react-jsx-self": "@babel/plugin-transform-react-jsx-self@7.22.5_@babel+core@7.22.9",
          "@babel/plugin-transform-react-jsx-source": "@babel/plugin-transform-react-jsx-source@7.22.5_@babel+core@7.22.9",
          "react-refresh": "react-refresh@0.14.0",
          "vite": "vite@4.4.6"
        }
      },
      "ansi-styles@3.2.1": {
        "integrity": "sha512-VT0ZI6kZRdTh8YyJw3SMbYm/u+NqfsAxEpWO0Pf9sq8/e94WxxOpPKx9FR1FlyCtOVDNOQ+8ntlqFxiRc+r5qA==",
        "dependencies": {
          "color-convert": "color-convert@1.9.3"
        }
      },
      "browserslist@4.21.9": {
        "integrity": "sha512-M0MFoZzbUrRU4KNfCrDLnvyE7gub+peetoTid3TBIqtunaDJyXlwhakT+/VkvSXcfIzFfK/nkCs4nmyTmxdNSg==",
        "dependencies": {
          "caniuse-lite": "caniuse-lite@1.0.30001517",
          "electron-to-chromium": "electron-to-chromium@1.4.467",
          "node-releases": "node-releases@2.0.13",
          "update-browserslist-db": "update-browserslist-db@1.0.11_browserslist@4.21.9"
        }
      },
      "caniuse-lite@1.0.30001517": {
        "integrity": "sha512-Vdhm5S11DaFVLlyiKu4hiUTkpZu+y1KA/rZZqVQfOD5YdDT/eQKlkt7NaE0WGOFgX32diqt9MiP9CAiFeRklaA==",
        "dependencies": {}
      },
      "chalk@2.4.2": {
        "integrity": "sha512-Mti+f9lpJNcwF4tWV8/OrTTtF1gZi+f8FqlyAdouralcFWFQWF2+NgCHShjkCb+IFBLq9buZwE1xckQU4peSuQ==",
        "dependencies": {
          "ansi-styles": "ansi-styles@3.2.1",
          "escape-string-regexp": "escape-string-regexp@1.0.5",
          "supports-color": "supports-color@5.5.0"
        }
      },
      "color-convert@1.9.3": {
        "integrity": "sha512-QfAUtd+vFdAtFQcC8CCyYt1fYWxSqAiK2cSD6zDB8N3cpsEBAvRxp9zOGg6G/SHHJYAT88/az/IuDGALsNVbGg==",
        "dependencies": {
          "color-name": "color-name@1.1.3"
        }
      },
      "color-name@1.1.3": {
        "integrity": "sha512-72fSenhMw2HZMTVHeCA9KCmpEIbzWiQsjN+BHcBbS9vr1mtt+vJjPdksIBNUmKAW8TFUDPJK5SUU3QhE9NEXDw==",
        "dependencies": {}
      },
      "convert-source-map@1.9.0": {
        "integrity": "sha512-ASFBup0Mz1uyiIjANan1jzLQami9z1PoYSZCiiYW2FczPbenXc45FZdBZLzOT+r6+iciuEModtmCti+hjaAk0A==",
        "dependencies": {}
      },
      "debug@4.3.4": {
        "integrity": "sha512-PRWFHuSU3eDtQJPvnNY7Jcket1j0t5OuOsFzPPzsekD52Zl8qUfFIPEiswXqIvHWGVHOgX+7G/vCNNhehwxfkQ==",
        "dependencies": {
          "ms": "ms@2.1.2"
        }
      },
      "electron-to-chromium@1.4.467": {
        "integrity": "sha512-2qI70O+rR4poYeF2grcuS/bCps5KJh6y1jtZMDDEteyKJQrzLOEhFyXCLcHW6DTBjKjWkk26JhWoAi+Ux9A0fg==",
        "dependencies": {}
      },
      "esbuild@0.18.15": {
        "integrity": "sha512-3WOOLhrvuTGPRzQPU6waSDWrDTnQriia72McWcn6UCi43GhCHrXH4S59hKMeez+IITmdUuUyvbU9JIp+t3xlPQ==",
        "dependencies": {
          "@esbuild/android-arm": "@esbuild/android-arm@0.18.15",
          "@esbuild/android-arm64": "@esbuild/android-arm64@0.18.15",
          "@esbuild/android-x64": "@esbuild/android-x64@0.18.15",
          "@esbuild/darwin-arm64": "@esbuild/darwin-arm64@0.18.15",
          "@esbuild/darwin-x64": "@esbuild/darwin-x64@0.18.15",
          "@esbuild/freebsd-arm64": "@esbuild/freebsd-arm64@0.18.15",
          "@esbuild/freebsd-x64": "@esbuild/freebsd-x64@0.18.15",
          "@esbuild/linux-arm": "@esbuild/linux-arm@0.18.15",
          "@esbuild/linux-arm64": "@esbuild/linux-arm64@0.18.15",
          "@esbuild/linux-ia32": "@esbuild/linux-ia32@0.18.15",
          "@esbuild/linux-loong64": "@esbuild/linux-loong64@0.18.15",
          "@esbuild/linux-mips64el": "@esbuild/linux-mips64el@0.18.15",
          "@esbuild/linux-ppc64": "@esbuild/linux-ppc64@0.18.15",
          "@esbuild/linux-riscv64": "@esbuild/linux-riscv64@0.18.15",
          "@esbuild/linux-s390x": "@esbuild/linux-s390x@0.18.15",
          "@esbuild/linux-x64": "@esbuild/linux-x64@0.18.15",
          "@esbuild/netbsd-x64": "@esbuild/netbsd-x64@0.18.15",
          "@esbuild/openbsd-x64": "@esbuild/openbsd-x64@0.18.15",
          "@esbuild/sunos-x64": "@esbuild/sunos-x64@0.18.15",
          "@esbuild/win32-arm64": "@esbuild/win32-arm64@0.18.15",
          "@esbuild/win32-ia32": "@esbuild/win32-ia32@0.18.15",
          "@esbuild/win32-x64": "@esbuild/win32-x64@0.18.15"
        }
      },
      "escalade@3.1.1": {
        "integrity": "sha512-k0er2gUkLf8O0zKJiAhmkTnJlTvINGv7ygDNPbeIsX/TJjGJZHuh9B2UxbsaEkmlEo9MfhrSzmhIlhRlI2GXnw==",
        "dependencies": {}
      },
      "escape-string-regexp@1.0.5": {
        "integrity": "sha512-vbRorB5FUQWvla16U8R/qgaFIya2qGzwDrNmCZuYKrbdSUMG6I1ZCGQRefkRVhuOkIGVne7BQ35DSfo1qvJqFg==",
        "dependencies": {}
      },
      "fsevents@2.3.2": {
        "integrity": "sha512-xiqMQR4xAeHTuB9uWm+fFRcIOgKBMiOBP+eXiyT7jsgVCq1bkVygt00oASowB7EdtpOHaaPgKt812P9ab+DDKA==",
        "dependencies": {}
      },
      "gensync@1.0.0-beta.2": {
        "integrity": "sha512-3hN7NaskYvMDLQY55gnW3NQ+mesEAepTqlg+VEbj7zzqEMBVNhzcGYYeqFo/TlYz6eQiFcp1HcsCZO+nGgS8zg==",
        "dependencies": {}
      },
      "globals@11.12.0": {
        "integrity": "sha512-WOBp/EEGUiIsJSp7wcv/y6MO+lV9UoncWqxuFfm8eBwzWNgyfBd6Gz+IeKQ9jCmyhoH99g15M3T+QaVHFjizVA==",
        "dependencies": {}
      },
      "has-flag@3.0.0": {
        "integrity": "sha512-sKJf1+ceQBr4SMkvQnBDNDtf4TXpVhVGateu0t918bl30FnbE2m4vNLX+VWe/dpjlb+HugGYzW7uQXH98HPEYw==",
        "dependencies": {}
      },
      "js-tokens@4.0.0": {
        "integrity": "sha512-RdJUflcE3cUzKiMqQgsCu06FPu9UdIJO0beYbPhHN4k6apgJtifcoCtT9bcxOpYBtpD2kCM6Sbzg4CausW/PKQ==",
        "dependencies": {}
      },
      "jsesc@2.5.2": {
        "integrity": "sha512-OYu7XEzjkCQ3C5Ps3QIZsQfNpqoJyZZA99wd9aWd05NCtC5pWOkShK2mkL6HXQR6/Cy2lbNdPlZBpuQHXE63gA==",
        "dependencies": {}
      },
      "json5@2.2.3": {
        "integrity": "sha512-XmOWe7eyHYH14cLdVPoyg+GOH3rYX++KpzrylJwSW98t3Nk+U8XOl8FWKOgwtzdb8lXGf6zYwDUzeHMWfxasyg==",
        "dependencies": {}
      },
      "loose-envify@1.4.0": {
        "integrity": "sha512-lyuxPGr/Wfhrlem2CL/UcnUc1zcqKAImBDzukY7Y5F/yQiNdko6+fRLevlw1HgMySw7f611UIY408EtxRSoK3Q==",
        "dependencies": {
          "js-tokens": "js-tokens@4.0.0"
        }
      },
      "lru-cache@5.1.1": {
        "integrity": "sha512-KpNARQA3Iwv+jTA0utUVVbrh+Jlrr1Fv0e56GGzAFOXN7dk/FviaDW8LHmK52DlcH4WP2n6gI8vN1aesBFgo9w==",
        "dependencies": {
          "yallist": "yallist@3.1.1"
        }
      },
      "ms@2.1.2": {
        "integrity": "sha512-sGkPx+VjMtmA6MX27oA4FBFELFCZZ4S4XqeGOXCv68tT+jb3vk/RyaKWP0PTKyWtmLSM0b+adUTEvbs1PEaH2w==",
        "dependencies": {}
      },
      "nanoid@3.3.6": {
        "integrity": "sha512-BGcqMMJuToF7i1rt+2PWSNVnWIkGCU78jBG3RxO/bZlnZPK2Cmi2QaffxGO/2RvWi9sL+FAiRiXMgsyxQ1DIDA==",
        "dependencies": {}
      },
      "node-releases@2.0.13": {
        "integrity": "sha512-uYr7J37ae/ORWdZeQ1xxMJe3NtdmqMC/JZK+geofDrkLUApKRHPd18/TxtBOJ4A0/+uUIliorNrfYV6s1b02eQ==",
        "dependencies": {}
      },
      "picocolors@1.0.0": {
        "integrity": "sha512-1fygroTLlHu66zi26VoTDv8yRgm0Fccecssto+MhsZ0D/DGW2sm8E8AjW7NU5VVTRt5GxbeZ5qBuJr+HyLYkjQ==",
        "dependencies": {}
      },
      "postcss@8.4.27": {
        "integrity": "sha512-gY/ACJtJPSmUFPDCHtX78+01fHa64FaU4zaaWfuh1MhGJISufJAH4cun6k/8fwsHYeK4UQmENQK+tRLCFJE8JQ==",
        "dependencies": {
          "nanoid": "nanoid@3.3.6",
          "picocolors": "picocolors@1.0.0",
          "source-map-js": "source-map-js@1.0.2"
        }
      },
      "react-dom@18.2.0_react@18.2.0": {
        "integrity": "sha512-6IMTriUmvsjHUjNtEDudZfuDQUoWXVxKHhlEGSk81n4YFS+r/Kl99wXiwlVXtPBtJenozv2P+hxDsw9eA7Xo6g==",
        "dependencies": {
          "loose-envify": "loose-envify@1.4.0",
          "react": "react@18.2.0",
          "scheduler": "scheduler@0.23.0"
        }
      },
      "react-refresh@0.14.0": {
        "integrity": "sha512-wViHqhAd8OHeLS/IRMJjTSDHF3U9eWi62F/MledQGPdJGDhodXJ9PBLNGr6WWL7qlH12Mt3TyTpbS+hGXMjCzQ==",
        "dependencies": {}
      },
      "react@18.2.0": {
        "integrity": "sha512-/3IjMdb2L9QbBdWiW5e3P2/npwMBaU9mHCSCUzNln0ZCYbcfTsGbTJrU/kGemdH2IWmB2ioZ+zkxtmq6g09fGQ==",
        "dependencies": {
          "loose-envify": "loose-envify@1.4.0"
        }
      },
      "rollup@3.26.3": {
        "integrity": "sha512-7Tin0C8l86TkpcMtXvQu6saWH93nhG3dGQ1/+l5V2TDMceTxO7kDiK6GzbfLWNNxqJXm591PcEZUozZm51ogwQ==",
        "dependencies": {
          "fsevents": "fsevents@2.3.2"
        }
      },
      "scheduler@0.23.0": {
        "integrity": "sha512-CtuThmgHNg7zIZWAXi3AsyIzA3n4xx7aNyjwC2VJldO2LMVDhFK+63xGqq6CsJH4rTAt6/M+N4GhZiDYPx9eUw==",
        "dependencies": {
          "loose-envify": "loose-envify@1.4.0"
        }
      },
      "semver@6.3.1": {
        "integrity": "sha512-BR7VvDCVHO+q2xBEWskxS6DJE1qRnb7DxzUrogb71CWoSficBxYsiAGd+Kl0mmq/MprG9yArRkyrQxTO6XjMzA==",
        "dependencies": {}
      },
      "source-map-js@1.0.2": {
        "integrity": "sha512-R0XvVJ9WusLiqTCEiGCmICCMplcCkIwwR11mOSD9CR5u+IXYdiseeEuXCVAjS54zqwkLcPNnmU4OeJ6tUrWhDw==",
        "dependencies": {}
      },
      "supports-color@5.5.0": {
        "integrity": "sha512-QjVjwdXIt408MIiAqCX4oUKsgU2EqAGzs2Ppkm4aQYbjm+ZEWEcW4SfFNTr4uMNZma0ey4f5lgLrkB0aX0QMow==",
        "dependencies": {
          "has-flag": "has-flag@3.0.0"
        }
      },
      "to-fast-properties@2.0.0": {
        "integrity": "sha512-/OaKK0xYrs3DmxRYqL/yDc+FxFUVYhDlXMhRmv3z915w2HF1tnN1omB354j8VUGO/hbRzyD6Y3sA7v7GS/ceog==",
        "dependencies": {}
      },
      "update-browserslist-db@1.0.11_browserslist@4.21.9": {
        "integrity": "sha512-dCwEFf0/oT85M1fHBg4F0jtLwJrutGoHSQXCh7u4o2t1drG+c0a9Flnqww6XUKSfQMPpJBRjU8d4RXB09qtvaA==",
        "dependencies": {
          "browserslist": "browserslist@4.21.9",
          "escalade": "escalade@3.1.1",
          "picocolors": "picocolors@1.0.0"
        }
      },
      "vite@4.4.6": {
        "integrity": "sha512-EY6Mm8vJ++S3D4tNAckaZfw3JwG3wa794Vt70M6cNJ6NxT87yhq7EC8Rcap3ahyHdo8AhCmV9PTk+vG1HiYn1A==",
        "dependencies": {
          "esbuild": "esbuild@0.18.15",
          "fsevents": "fsevents@2.3.2",
          "postcss": "postcss@8.4.27",
          "rollup": "rollup@3.26.3"
        }
      },
      "yallist@3.1.1": {
        "integrity": "sha512-a4UGQaWPH59mOXUYnAG2ewncQS4i4F43Tv3JoAM+s2VDAmS9NsK8GpDMLrCHPksFT7h3K6TOoUNn2pb7RoXx4g==",
        "dependencies": {}
      }
    }
  }
}
